
Microsoft Visual Studio Solution File, Format Version 12.00
# Visual Studio 15
VisualStudioVersion = 15.0.28010.2016
MinimumVisualStudioVersion = 10.0.40219.1
Project("{FAE04EC0-301F-11D3-BF4B-00C04F79EFBC}") = "SpinBot_InCSharp", "SpinBot_InCSharp\SpinBot_InCSharp.csproj", "{154AD7EC-50F8-4932-BEC1-BF8C46A935CA}"
EndProject
Global
	GlobalSection(SolutionConfigurationPlatforms) = preSolution
		Debug|Any CPU = Debug|Any CPU
		Release|Any CPU = Release|Any CPU
	EndGlobalSection
	GlobalSection(ProjectConfigurationPlatforms) = postSolution
		{154AD7EC-50F8-4932-BEC1-BF8C46A935CA}.Debug|Any CPU.ActiveCfg = Debug|Any CPU
		{154AD7EC-50F8-4932-BEC1-BF8C46A935CA}.Debug|Any CPU.Build.0 = Debug|Any CPU
		{154AD7EC-50F8-4932-BEC1-BF8C46A935CA}.Release|Any CPU.ActiveCfg = Release|Any CPU
		{154AD7EC-50F8-4932-BEC1-BF8C46A935CA}.Release|Any CPU.Build.0 = Release|Any CPU
	EndGlobalSection
	GlobalSection(SolutionProperties) = preSolution
		HideSolutionNode = FALSE
	EndGlobalSection
	GlobalSection(ExtensibilityGlobals) = postSolution
		SolutionGuid = {901DB828-77DF-4DC0-B85C-CF3C4627AF3F}
	EndGlobalSection
EndGlobal
